
Microsoft Visual Studio Solution File, Format Version 12.00
# Visual Studio Version 17
VisualStudioVersion = 17.9.34616.47
MinimumVisualStudioVersion = 10.0.40219.1
Project("{FAE04EC0-301F-11D3-BF4B-00C04F79EFBC}") = "Eerstproject", "Eerstproject.csproj", "{2B1240E6-39F0-4E5C-8210-9A86CF43184D}"
EndProject
Global
	GlobalSection(SolutionConfigurationPlatforms) = preSolution
		Debug|Any CPU = Debug|Any CPU
		Release|Any CPU = Release|Any CPU
	EndGlobalSection
	GlobalSection(ProjectConfigurationPlatforms) = postSolution
		{2B1240E6-39F0-4E5C-8210-9A86CF43184D}.Debug|Any CPU.ActiveCfg = Debug|Any CPU
		{2B1240E6-39F0-4E5C-8210-9A86CF43184D}.Debug|Any CPU.Build.0 = Debug|Any CPU
		{2B1240E6-39F0-4E5C-8210-9A86CF43184D}.Release|Any CPU.ActiveCfg = Release|Any CPU
		{2B1240E6-39F0-4E5C-8210-9A86CF43184D}.Release|Any CPU.Build.0 = Release|Any CPU
	EndGlobalSection
	GlobalSection(SolutionProperties) = preSolution
		HideSolutionNode = FALSE
	EndGlobalSection
	GlobalSection(ExtensibilityGlobals) = postSolution
		SolutionGuid = {D73401BE-0EE4-4536-9DCD-10C138281E2F}
	EndGlobalSection
EndGlobal
